# @generated by Move, please check-in and do not edit manually.

[move]
version = 3
manifest_digest = "9FF419DF0191058D371C5212706B45E90F635E244628C7002804834CFE7FB512"
deps_digest = "F9B494B64F0615AED0E98FC12A85B85ECD2BC5185C22D30E7F67786BB52E507C"
dependencies = [
  { id = "Bridge", name = "Bridge" },
  { id = "MoveStdlib", name = "MoveStdlib" },
  { id = "Sui", name = "Sui" },
  { id = "SuiSystem", name = "SuiSystem" },
]

[[move.package]]
id = "Bridge"
source = { git = "https://github.com/MystenLabs/sui.git", rev = "b448b1d971bd6c1aac8ef4eee4305943806d5d5b", subdir = "crates/sui-framework/packages/bridge" }

dependencies = [
  { id = "MoveStdlib", name = "MoveStdlib" },
  { id = "Sui", name = "Sui" },
  { id = "SuiSystem", name = "SuiSystem" },
]

[[move.package]]
id = "MoveStdlib"
source = { git = "https://github.com/MystenLabs/sui.git", rev = "b448b1d971bd6c1aac8ef4eee4305943806d5d5b", subdir = "crates/sui-framework/packages/move-stdlib" }

[[move.package]]
id = "Sui"
source = { git = "https://github.com/MystenLabs/sui.git", rev = "b448b1d971bd6c1aac8ef4eee4305943806d5d5b", subdir = "crates/sui-framework/packages/sui-framework" }

dependencies = [
  { id = "MoveStdlib", name = "MoveStdlib" },
]

[[move.package]]
id = "SuiSystem"
source = { git = "https://github.com/MystenLabs/sui.git", rev = "b448b1d971bd6c1aac8ef4eee4305943806d5d5b", subdir = "crates/sui-framework/packages/sui-system" }

dependencies = [
  { id = "MoveStdlib", name = "MoveStdlib" },
  { id = "Sui", name = "Sui" },
]

[move.toolchain-version]
compiler-version = "1.53.2"
edition = "2024.beta"
flavor = "sui"

[env]

[env.testnet]
chain-id = "4c78adac"
original-published-id = "0x378ecf1683055602f882fdbd29129d1409985a551803d29ac089370bce36d50e"
latest-published-id = "0x378ecf1683055602f882fdbd29129d1409985a551803d29ac089370bce36d50e"
published-version = "1"

[env.mainnet]
chain-id = "35834a8a"
original-published-id = "0x0957339383d1dfdaa9c41e63bf515a502817c040250609991b4892e8d44af7d5"
latest-published-id = "0x0957339383d1dfdaa9c41e63bf515a502817c040250609991b4892e8d44af7d5"
published-version = "1"
